
Microsoft Visual Studio Solution File, Format Version 12.00
# Visual Studio 15
VisualStudioVersion = 15.0.27703.2026
MinimumVisualStudioVersion = 10.0.40219.1
Project("{FAE04EC0-301F-11D3-BF4B-00C04F79EFBC}") = "CoreBasicCrudApp", "CoreBasicCrudApp\CoreBasicCrudApp.csproj", "{3D7D3782-7792-434F-850F-27682B197302}"
EndProject
Global
	GlobalSection(SolutionConfigurationPlatforms) = preSolution
		Debug|Any CPU = Debug|Any CPU
		Release|Any CPU = Release|Any CPU
	EndGlobalSection
	GlobalSection(ProjectConfigurationPlatforms) = postSolution
		{3D7D3782-7792-434F-850F-27682B197302}.Debug|Any CPU.ActiveCfg = Debug|Any CPU
		{3D7D3782-7792-434F-850F-27682B197302}.Debug|Any CPU.Build.0 = Debug|Any CPU
		{3D7D3782-7792-434F-850F-27682B197302}.Release|Any CPU.ActiveCfg = Release|Any CPU
		{3D7D3782-7792-434F-850F-27682B197302}.Release|Any CPU.Build.0 = Release|Any CPU
	EndGlobalSection
	GlobalSection(SolutionProperties) = preSolution
		HideSolutionNode = FALSE
	EndGlobalSection
	GlobalSection(ExtensibilityGlobals) = postSolution
		SolutionGuid = {5DBD4C61-C58D-4011-88BD-1ED67F13C51A}
	EndGlobalSection
EndGlobal
